# This file is automatically @generated by Cargo.
# It is not intended for manual editing.
version = 4

[[package]]
name = "hellbyte"
version = "0.1.0"
dependencies = [
 "hellbyte-engine",
 "hellbyte-rt",
]

[[package]]
name = "hellbyte-engine"
version = "0.1.0"
dependencies = [
 "hellbyte-mapc",
]

[[package]]
name = "hellbyte-mapc"
version = "0.1.0"

[[package]]
name = "hellbyte-rt"
version = "0.1.0"
